# THIS IS AN AUTOGENERATED FILE. DO NOT EDIT THIS FILE DIRECTLY.
# yarn lockfile v1


"@types/lodash@^4.14.136":
  version "4.14.141"
  resolved "https://registry.yarnpkg.com/@types/lodash/-/lodash-4.14.141.tgz#d81f4d0c562abe28713406b571ffb27692a82ae6"
  integrity sha512-v5NYIi9qEbFEUpCyikmnOYe4YlP8BMUdTcNCAquAKzu+FA7rZ1onj9x80mbnDdOW/K5bFf3Tv5kJplP33+gAbQ==

"@types/node@*":
  version "12.7.8"
  resolved "https://registry.yarnpkg.com/@types/node/-/node-12.7.8.tgz#cb1bf6800238898bc2ff6ffa5702c3cadd350708"
  integrity sha512-FMdVn84tJJdV+xe+53sYiZS4R5yn1mAIxfj+DVoNiQjTYz1+OYmjwEZr1ev9nU0axXwda0QDbYl06QHanRVH3A==

"@types/ws@^3.2.0":
  version "3.2.1"
  resolved "https://registry.yarnpkg.com/@types/ws/-/ws-3.2.1.tgz#b0c1579e58e686f83ce0a97bb9463d29705827fb"
  integrity sha512-t5n0/iHoavnX1MqeYmKJgWc1W6yX4BXsNxQg7M5862RWrfN9S5k8yaWbDMGJSTCzbH7+q5QS8chjymd+ND9gMw==
  dependencies:
    "@types/node" "*"

agent-base@^4.1.0:
  version "4.3.0"
  resolved "https://registry.yarnpkg.com/agent-base/-/agent-base-4.3.0.tgz#8165f01c436009bccad0b1d122f05ed770efc6ee"
  integrity sha512-salcGninV0nPrwpGNn4VTXBb1SOuXQBiqbrNXoeizJsHrsL6ERFM2Ne3JUSBWRE6aeNJI2ROP/WEEIDUiDe3cg==
  dependencies:
    es6-promisify "^5.0.0"

async-limiter@~1.0.0:
  version "1.0.1"
  resolved "https://registry.yarnpkg.com/async-limiter/-/async-limiter-1.0.1.tgz#dd379e94f0db8310b08291f9d64c3209766617fd"
  integrity sha512-csOlWGAcRFJaI6m+F2WKdnMKr4HhdhFVBk0H/QbJFMCr+uO2kwohwXQPxw/9OCxp05r5ghVBFSyioixx3gfkNQ==

babel-runtime@^5.8.20:
  version "5.8.38"
  resolved "https://registry.yarnpkg.com/babel-runtime/-/babel-runtime-5.8.38.tgz#1c0b02eb63312f5f087ff20450827b425c9d4c19"
  integrity sha1-HAsC62MxL18If/IEUIJ7QlydTBk=
  dependencies:
    core-js "^1.0.0"

babel-runtime@^6.6.1:
  version "6.26.0"
  resolved "https://registry.yarnpkg.com/babel-runtime/-/babel-runtime-6.26.0.tgz#965c7058668e82b55d7bfe04ff2337bc8b5647fe"
  integrity sha1-llxwWGaOgrVde/4E/yM3vItWR/4=
  dependencies:
    core-js "^2.4.0"
    regenerator-runtime "^0.11.0"

base-x@3.0.4:
  version "3.0.4"
  resolved "https://registry.yarnpkg.com/base-x/-/base-x-3.0.4.tgz#94c1788736da065edb1d68808869e357c977fa77"
  integrity sha512-UYOadoSIkEI/VrRGSG6qp93rp2WdokiAiNYDfGW5qURAY8GiAQkvMbwNNSDYiVJopqv4gCna7xqf4rrNGp+5AA==
  dependencies:
    safe-buffer "^5.0.1"

base-x@^1.0.1:
  version "1.1.0"
  resolved "https://registry.yarnpkg.com/base-x/-/base-x-1.1.0.tgz#42d3d717474f9ea02207f6d1aa1f426913eeb7ac"
  integrity sha1-QtPXF0dPnqAiB/bRqh9CaRPut6w=

bignumber.js@^4.1.0:
  version "4.1.0"
  resolved "https://registry.yarnpkg.com/bignumber.js/-/bignumber.js-4.1.0.tgz#db6f14067c140bd46624815a7916c92d9b6c24b1"
  integrity sha512-eJzYkFYy9L4JzXsbymsFn3p54D+llV27oTQ+ziJG7WFRheJcNZilgVXMG0LoZtlQSKBsJdWtLFqOD0u+U0jZKA==

bn.js@^3.1.1:
  version "3.3.0"
  resolved "https://registry.yarnpkg.com/bn.js/-/bn.js-3.3.0.tgz#1138e577889fdc97bbdab51844f2190dfc0ae3d7"
  integrity sha1-ETjld4if3Je72rUYRPIZDfwK49c=

bn.js@^4.11.3:
  version "4.11.8"
  resolved "https://registry.yarnpkg.com/bn.js/-/bn.js-4.11.8.tgz#2cde09eb5ee341f484746bb0309b3253b1b1442f"
  integrity sha512-ItfYfPLkWHUjckQCk8xC+LwxgK8NYcXywGigJgSwOP8Y2iyWT4f2vsZnoOXTTbo+o5yXmIUJ4gn5538SO5S3gA==

brorand@^1.0.1, brorand@^1.0.5:
  version "1.1.0"
  resolved "https://registry.yarnpkg.com/brorand/-/brorand-1.1.0.tgz#12c25efe40a45e3c323eb8675a0a0ce57b22371f"
  integrity sha1-EsJe/kCkXjwyPrhnWgoM5XsiNx8=

cipher-base@^1.0.1:
  version "1.0.4"
  resolved "https://registry.yarnpkg.com/cipher-base/-/cipher-base-1.0.4.tgz#8760e4ecc272f4c363532f926d874aae2c1397de"
  integrity sha512-Kkht5ye6ZGmwv40uUDZztayT2ThLQGfnj/T71N/XzeZeo3nf8foyW7zGTsPYkEya3m5f3cAypH+qe7YOrM1U2Q==
  dependencies:
    inherits "^2.0.1"
    safe-buffer "^5.0.1"

core-js@^1.0.0:
  version "1.2.7"
  resolved "https://registry.yarnpkg.com/core-js/-/core-js-1.2.7.tgz#652294c14651db28fa93bd2d5ff2983a4f08c636"
  integrity sha1-ZSKUwUZR2yj6k70tX/KYOk8IxjY=

core-js@^2.4.0:
  version "2.6.9"
  resolved "https://registry.yarnpkg.com/core-js/-/core-js-2.6.9.tgz#6b4b214620c834152e179323727fc19741b084f2"
  integrity sha512-HOpZf6eXmnl7la+cUdMnLvUxKNqLUzJvgIziQ0DiF3JwSImNphIqdGqzj6hIKyX04MmV0poclQ7+wjWvxQyR2A==

create-hash@^1.1.2:
  version "1.2.0"
  resolved "https://registry.yarnpkg.com/create-hash/-/create-hash-1.2.0.tgz#889078af11a63756bcfb59bd221996be3a9ef196"
  integrity sha512-z00bCGNHDG8mHAkP7CtT1qVu+bFQUPjYq/4Iv3C3kWjTFV10zIjfSoeqXo9Asws8gwSHDGj/hl2u4OGIjapeCg==
  dependencies:
    cipher-base "^1.0.1"
    inherits "^2.0.1"
    md5.js "^1.3.4"
    ripemd160 "^2.0.1"
    sha.js "^2.4.0"

debug@^3.1.0:
  version "3.2.6"
  resolved "https://registry.yarnpkg.com/debug/-/debug-3.2.6.tgz#e83d17de16d8a7efb7717edbe5fb10135eee629b"
  integrity sha512-mel+jf7nrtEl5Pn1Qx46zARXKDpBbvzezse7p7LqINmdoIk8PYP5SySaxEmYv6TZ0JyEKA1hsCId6DIhgITtWQ==
  dependencies:
    ms "^2.1.1"

decimal.js@^5.0.8:
  version "5.0.8"
  resolved "https://registry.yarnpkg.com/decimal.js/-/decimal.js-5.0.8.tgz#b48c3fb7d73a2d4d4940e0b38f1cd21db5b367ce"
  integrity sha1-tIw/t9c6LU1JQOCzjxzSHbWzZ84=

elliptic@^5.1.0:
  version "5.2.1"
  resolved "https://registry.yarnpkg.com/elliptic/-/elliptic-5.2.1.tgz#fa294b6563c6ddbc9ba3dc8594687ae840858f10"
  integrity sha1-+ilLZWPG3bybo9yFlGh66ECFjxA=
  dependencies:
    bn.js "^3.1.1"
    brorand "^1.0.1"
    hash.js "^1.0.0"
    inherits "^2.0.1"

es6-promise@^4.0.3:
  version "4.2.8"
  resolved "https://registry.yarnpkg.com/es6-promise/-/es6-promise-4.2.8.tgz#4eb21594c972bc40553d276e510539143db53e0a"
  integrity sha512-HJDGx5daxeIvxdBxvG2cb9g4tEvwIk3i8+nhX0yGrYmZUzbkdg8QbDevheDB8gd0//uPj4c1EQua8Q+MViT0/w==

es6-promisify@^5.0.0:
  version "5.0.0"
  resolved "https://registry.yarnpkg.com/es6-promisify/-/es6-promisify-5.0.0.tgz#5109d62f3e56ea967c4b63505aef08291c8a5203"
  integrity sha1-UQnWLz5W6pZ8S2NQWu8IKRyKUgM=
  dependencies:
    es6-promise "^4.0.3"

hash-base@^3.0.0:
  version "3.0.4"
  resolved "https://registry.yarnpkg.com/hash-base/-/hash-base-3.0.4.tgz#5fc8686847ecd73499403319a6b0a3f3f6ae4918"
  integrity sha1-X8hoaEfs1zSZQDMZprCj8/auSRg=
  dependencies:
    inherits "^2.0.1"
    safe-buffer "^5.0.1"

hash.js@^1.0.0, hash.js@^1.0.3:
  version "1.1.7"
  resolved "https://registry.yarnpkg.com/hash.js/-/hash.js-1.1.7.tgz#0babca538e8d4ee4a0f8988d68866537a003cf42"
  integrity sha512-taOaskGt4z4SOANNseOviYDvjEJinIkRgmp7LbKP2YTTmVxWBl87s/uzK9r+44BclBSp2X7K1hqeNfz9JbBeXA==
  dependencies:
    inherits "^2.0.3"
    minimalistic-assert "^1.0.1"

https-proxy-agent@2.2.1:
  version "2.2.1"
  resolved "https://registry.yarnpkg.com/https-proxy-agent/-/https-proxy-agent-2.2.1.tgz#51552970fa04d723e04c56d04178c3f92592bbc0"
  integrity sha512-HPCTS1LW51bcyMYbxUIOO4HEOlQ1/1qRaFWcyxvwaqUS9TY88aoEuHUY33kuAh1YhVVaDQhLZsnPd+XNARWZlQ==
  dependencies:
    agent-base "^4.1.0"
    debug "^3.1.0"

inherits@^2.0.1, inherits@^2.0.3:
  version "2.0.4"
  resolved "https://registry.yarnpkg.com/inherits/-/inherits-2.0.4.tgz#0fa2c64f932917c3433a0ded55363aae37416b7c"
  integrity sha512-k/vGaX4/Yla3WzyMCvTQOXYeIHvqOKtnqBduzTHpzpQZzAskKMhZ2K+EnBiSM9zGSoIFeMpXKxa4dYeZIQqewQ==

jsonschema@1.2.2:
  version "1.2.2"
  resolved "https://registry.yarnpkg.com/jsonschema/-/jsonschema-1.2.2.tgz#83ab9c63d65bf4d596f91d81195e78772f6452bc"
  integrity sha512-iX5OFQ6yx9NgbHCwse51ohhKgLuLL7Z5cNOeZOPIlDUtAMrxlruHLzVZxbltdHE5mEDXN+75oFOwq6Gn0MZwsA==

lodash@^4.17.15, lodash@^4.17.4:
  version "4.17.15"
  resolved "https://registry.yarnpkg.com/lodash/-/lodash-4.17.15.tgz#b447f6670a0455bbfeedd11392eff330ea097548"
  integrity sha512-8xOcRHvCjnocdS5cpwXQXVzmmh5e5+saE2QGoeQmbKmRS6J3VQppPOIt0MnmE+4xlZoumy0GPG0D0MVIQbNA1A==

md5.js@^1.3.4:
  version "1.3.5"
  resolved "https://registry.yarnpkg.com/md5.js/-/md5.js-1.3.5.tgz#b5d07b8e3216e3e27cd728d72f70d1e6a342005f"
  integrity sha512-xitP+WxNPcTTOgnTJcrhM0xvdPepipPSf3I8EIpGKeFLjt3PlJLIDG3u8EX53ZIubkb+5U2+3rELYpEhHhzdkg==
  dependencies:
    hash-base "^3.0.0"
    inherits "^2.0.1"
    safe-buffer "^5.1.2"

minimalistic-assert@^1.0.1:
  version "1.0.1"
  resolved "https://registry.yarnpkg.com/minimalistic-assert/-/minimalistic-assert-1.0.1.tgz#2e194de044626d4a10e7f7fbc00ce73e83e4d5c7"
  integrity sha512-UtJcAD4yEaGtjPezWuO9wC4nwUnVH/8/Im3yEHQP4b67cXlD/Qr9hdITCU1xDbSEXg2XKNaP8jsReV7vQd00/A==

ms@^2.1.1:
  version "2.1.2"
  resolved "https://registry.yarnpkg.com/ms/-/ms-2.1.2.tgz#d09d1f357b443f493382a8eb3ccd183872ae6009"
  integrity sha512-sGkPx+VjMtmA6MX27oA4FBFELFCZZ4S4XqeGOXCv68tT+jb3vk/RyaKWP0PTKyWtmLSM0b+adUTEvbs1PEaH2w==

regenerator-runtime@^0.11.0:
  version "0.11.1"
  resolved "https://registry.yarnpkg.com/regenerator-runtime/-/regenerator-runtime-0.11.1.tgz#be05ad7f9bf7d22e056f9726cee5017fbf19e2e9"
  integrity sha512-MguG95oij0fC3QV3URf4V2SDYGJhJnJGqvIIgdECeODCT98wSWDAJ94SSuVpYQUoTcGUIL6L4yNB7j1DFFHSBg==

ripemd160@^2.0.1:
  version "2.0.2"
  resolved "https://registry.yarnpkg.com/ripemd160/-/ripemd160-2.0.2.tgz#a1c1a6f624751577ba5d07914cbc92850585890c"
  integrity sha512-ii4iagi25WusVoiC4B4lq7pbXfAp3D9v5CwfkY33vffw2+pkDjY1D8GaN7spsxvCSx8dkPqOZCEZyfxcmJG2IA==
  dependencies:
    hash-base "^3.0.0"
    inherits "^2.0.1"

ripple-address-codec@^2.0.1:
  version "2.0.1"
  resolved "https://registry.yarnpkg.com/ripple-address-codec/-/ripple-address-codec-2.0.1.tgz#eddbe3a7960d2e02c5c1c74fb9a9fa0d2dfb6571"
  integrity sha1-7dvjp5YNLgLFwcdPuan6DS37ZXE=
  dependencies:
    hash.js "^1.0.3"
    x-address-codec "^0.7.0"

ripple-address-codec@^3.0.4:
  version "3.0.4"
  resolved "https://registry.yarnpkg.com/ripple-address-codec/-/ripple-address-codec-3.0.4.tgz#a7a8bb040df41cb082330fd828f09b9e6478c7fd"
  integrity sha512-GFk1BgavW+9oy5Z1Cp6YAGMfB51QdbeuhOo0Zir+s+S40F5vHtVZYu6zZE1eOAX92A5kygPuBRX4APH2v8Yhmg==
  dependencies:
    base-x "3.0.4"
    create-hash "^1.1.2"

ripple-binary-codec@^0.2.4:
  version "0.2.4"
  resolved "https://registry.yarnpkg.com/ripple-binary-codec/-/ripple-binary-codec-0.2.4.tgz#555d64c52182a215222af6045b5170e43f0530b1"
  integrity sha512-lfT9bybaVqA8IJmGFnSWaISCXmwvNY/P5HHKm6zQ1yTIXJpC+hDIeQqm/eD/2HLv82y2IvqGYd0GhEQ41lpNpQ==
  dependencies:
    babel-runtime "^6.6.1"
    bn.js "^4.11.3"
    create-hash "^1.1.2"
    decimal.js "^5.0.8"
    inherits "^2.0.1"
    lodash "^4.17.15"
    ripple-address-codec "^3.0.4"

ripple-hashes@^0.3.4:
  version "0.3.4"
  resolved "https://registry.yarnpkg.com/ripple-hashes/-/ripple-hashes-0.3.4.tgz#d06f78fc39dde27749b33ad2461b39ba873c94ec"
  integrity sha512-u2kgg9Yu9D44HWnC9R2lNg+amVLllJkMQmXZEEM2DAMFXigr4+ph1O8LLxLv+k0fbdjAjos4aUyWwcw6cxzYMw==
  dependencies:
    bignumber.js "^4.1.0"
    create-hash "^1.1.2"
    ripple-address-codec "^3.0.4"
    ripple-binary-codec "^0.2.4"

ripple-keypairs@^0.10.1:
  version "0.10.2"
  resolved "https://registry.yarnpkg.com/ripple-keypairs/-/ripple-keypairs-0.10.2.tgz#b3a1d1e2fca85a11c5224b2a7e6da506c19720d0"
  integrity sha512-NvY+jCrhtpy7ox2unZTIfOfSrUWqVTq+tfCTqgDD8XZ957JGwHBlL5osYAypkTWed/JglH5hggxw14NTKEZzGA==
  dependencies:
    babel-runtime "^5.8.20"
    bn.js "^3.1.1"
    brorand "^1.0.5"
    elliptic "^5.1.0"
    hash.js "^1.0.3"
    ripple-address-codec "^2.0.1"

ripple-lib-transactionparser@0.7.1:
  version "0.7.1"
  resolved "https://registry.yarnpkg.com/ripple-lib-transactionparser/-/ripple-lib-transactionparser-0.7.1.tgz#5ececb1e03d65d05605343f4b9dbb76d1089145b"
  integrity sha1-Xs7LHgPWXQVgU0P0udu3bRCJFFs=
  dependencies:
    bignumber.js "^4.1.0"
    lodash "^4.17.4"

ripple-lib@^1.3.3:
  version "1.3.3"
  resolved "https://registry.yarnpkg.com/ripple-lib/-/ripple-lib-1.3.3.tgz#b143d5df95c0744145c3e561853309ee30b95a6c"
  integrity sha512-Rvgrptz6ZvalpoLR9kExcZ9y3F8LdTwgSjSsgEZPuWFm62Eu6cDUHPhQiw1jCFsYtilX3Ccf6Dn/vTgFZ6cjPg==
  dependencies:
    "@types/lodash" "^4.14.136"
    "@types/ws" "^3.2.0"
    bignumber.js "^4.1.0"
    https-proxy-agent "2.2.1"
    jsonschema "1.2.2"
    lodash "^4.17.4"
    ripple-address-codec "^3.0.4"
    ripple-binary-codec "^0.2.4"
    ripple-hashes "^0.3.4"
    ripple-keypairs "^0.10.1"
    ripple-lib-transactionparser "0.7.1"
    ws "^3.3.1"

safe-buffer@^5.0.1, safe-buffer@^5.1.2:
  version "5.2.0"
  resolved "https://registry.yarnpkg.com/safe-buffer/-/safe-buffer-5.2.0.tgz#b74daec49b1148f88c64b68d49b1e815c1f2f519"
  integrity sha512-fZEwUGbVl7kouZs1jCdMLdt95hdIv0ZeHg6L7qPeciMZhZ+/gdesW4wgTARkrFWEpspjEATAzUGPG8N2jJiwbg==

safe-buffer@~5.1.0:
  version "5.1.2"
  resolved "https://registry.yarnpkg.com/safe-buffer/-/safe-buffer-5.1.2.tgz#991ec69d296e0313747d59bdfd2b745c35f8828d"
  integrity sha512-Gd2UZBJDkXlY7GbJxfsE8/nvKkUEU1G38c1siN6QP6a9PT9MmHB8GnpscSmMJSoF8LOIrt8ud/wPtojys4G6+g==

sha.js@^2.4.0:
  version "2.4.11"
  resolved "https://registry.yarnpkg.com/sha.js/-/sha.js-2.4.11.tgz#37a5cf0b81ecbc6943de109ba2960d1b26584ae7"
  integrity sha512-QMEp5B7cftE7APOjk5Y6xgrbWu+WkLVQwk8JNjZ8nKRciZaByEW6MubieAiToS7+dwvrjGhH8jRXz3MVd0AYqQ==
  dependencies:
    inherits "^2.0.1"
    safe-buffer "^5.0.1"

ultron@~1.1.0:
  version "1.1.1"
  resolved "https://registry.yarnpkg.com/ultron/-/ultron-1.1.1.tgz#9fe1536a10a664a65266a1e3ccf85fd36302bc9c"
  integrity sha512-UIEXBNeYmKptWH6z8ZnqTeS8fV74zG0/eRU9VGkpzz+LIJNs8W/zM/L+7ctCkRrgbNnnR0xxw4bKOr0cW0N0Og==

ws@^3.3.1:
  version "3.3.3"
  resolved "https://registry.yarnpkg.com/ws/-/ws-3.3.3.tgz#f1cf84fe2d5e901ebce94efaece785f187a228f2"
  integrity sha512-nnWLa/NwZSt4KQJu51MYlCcSQ5g7INpOrOMt4XV8j4dqTXdmlUmSHQ8/oLC069ckre0fRsgfvsKwbTdtKLCDkA==
  dependencies:
    async-limiter "~1.0.0"
    safe-buffer "~5.1.0"
    ultron "~1.1.0"

x-address-codec@^0.7.0:
  version "0.7.2"
  resolved "https://registry.yarnpkg.com/x-address-codec/-/x-address-codec-0.7.2.tgz#2a2f7bb00278520bd13733a7959a05443d6802e0"
  integrity sha1-Ki97sAJ4UgvRNzOnlZoFRD1oAuA=
  dependencies:
    base-x "^1.0.1"
